# THIS IS AN AUTOGENERATED FILE. DO NOT EDIT THIS FILE DIRECTLY.
# yarn lockfile v1


"@effect-ts/core@^0.60.2":
  version "0.60.2"
  resolved "https://registry.yarnpkg.com/@effect-ts/core/-/core-0.60.2.tgz#45ce0ac492cbd15bd7f4dd10e285ca942ad55930"
  integrity sha512-Mug0vKz1dYF/9j9m40VNLFQFkcOP9rwoqBFjfa9QIxCPioP08TnB5JQgwd7bg4gSRFZ4yJJdNlQG0XjyalDK3w==
  dependencies:
    "@effect-ts/system" "^0.57.2"

"@effect-ts/system@^0.57.2":
  version "0.57.2"
  resolved "https://registry.yarnpkg.com/@effect-ts/system/-/system-0.57.2.tgz#ef0de8ddb8db8e96b675160fc1bf32048aad3cf9"
  integrity sha512-B94ekNCY/O07LdUk/UH5Fkmu2Xi/gxQFXdN3lkSxEwiJUwyvCO6HdAdqqvLB+pp0nRa+cmNnlbjG60qb8Z+zlg==

"@tsconfig/strictest@^1.0.1":
  version "1.0.1"
  resolved "https://registry.yarnpkg.com/@tsconfig/strictest/-/strictest-1.0.1.tgz#04149befb12c1eb6db521b6d14dadf71121d6fb2"
  integrity sha512-7O8Q537UQdTZSKEV0f5WRLRFtfL9B8agGqIZrCOwOiWvbjZWPP2rAoZ7LHcwjdG4vnjdleHMEE+ZetM+lhRkcA==

typescript@^4.7.4:
  version "4.7.4"
  resolved "https://registry.yarnpkg.com/typescript/-/typescript-4.7.4.tgz#1a88596d1cf47d59507a1bcdfb5b9dfe4d488235"
  integrity sha512-C0WQT0gezHuw6AdY1M2jxUO83Rjf0HP7Sk1DtXj6j1EwkQNZrHAg2XPWlq62oqEhYvONq5pkC2Y9oPljWToLmQ==
