# THIS IS AN AUTOGENERATED FILE. DO NOT EDIT THIS FILE DIRECTLY.
# yarn lockfile v1


"@effect-ts/core@^0.60.1":
  version "0.60.1"
  resolved "https://registry.yarnpkg.com/@effect-ts/core/-/core-0.60.1.tgz#7d0c7aeb51c6629ef6a44d55061376b09ae3e748"
  integrity sha512-/+ErHwxif81C6YZd68RhlQwQRQSGKObrUG7C9GW2rOGnDucEoa/GKPovSfZskDrJAwswFxk0BTH1rP3oZCgncA==
  dependencies:
    "@effect-ts/system" "^0.57.1"

"@effect-ts/system@^0.57.1":
  version "0.57.1"
  resolved "https://registry.yarnpkg.com/@effect-ts/system/-/system-0.57.1.tgz#4c77523a4eb7f6e7e15f0205c04237301c5fe07f"
  integrity sha512-AMc+h0VDQSvSUd3pPDFlqxTLDmQTBM3soPpnJU0PdKPU0g730Nd5xGlScMp/5g8NHcFUIMe2VGWJ7CQ1nGQrJg==

"@tsconfig/strictest@^1.0.1":
  version "1.0.1"
  resolved "https://registry.yarnpkg.com/@tsconfig/strictest/-/strictest-1.0.1.tgz#04149befb12c1eb6db521b6d14dadf71121d6fb2"
  integrity sha512-7O8Q537UQdTZSKEV0f5WRLRFtfL9B8agGqIZrCOwOiWvbjZWPP2rAoZ7LHcwjdG4vnjdleHMEE+ZetM+lhRkcA==

"typescript@https://cdn.jsdelivr.net/npm/@tsplus/installer@0.0.117/compiler/typescript.tgz":
  version "4.8.0-tsplus.20220621"
  resolved "https://cdn.jsdelivr.net/npm/@tsplus/installer@0.0.117/compiler/typescript.tgz#45362f5105523d5800863473dbe73965a1dd49a9"
